
Microsoft Visual Studio Solution File, Format Version 12.00
# Visual Studio Version 16
VisualStudioVersion = 16.0.30804.86
MinimumVisualStudioVersion = 10.0.40219.1
Project("{FAE04EC0-301F-11D3-BF4B-00C04F79EFBC}") = "WindowsFormsApp6", "WindowsFormsApp6.csproj", "{7E68B869-7B9B-45CE-A4E2-5DD3A51D8782}"
EndProject
Project("{00D1A9C2-B5F0-4AF3-8072-F6C62B433612}") = "TestProjectDatabase", "..\TestProjectDatabase\TestProjectDatabase.sqlproj", "{B9DCCC33-AE60-4303-8BB0-DCF2608DFBE0}"
EndProject
Global
	GlobalSection(SolutionConfigurationPlatforms) = preSolution
		Debug|Any CPU = Debug|Any CPU
		Release|Any CPU = Release|Any CPU
	EndGlobalSection
	GlobalSection(ProjectConfigurationPlatforms) = postSolution
		{7E68B869-7B9B-45CE-A4E2-5DD3A51D8782}.Debug|Any CPU.ActiveCfg = Debug|Any CPU
		{7E68B869-7B9B-45CE-A4E2-5DD3A51D8782}.Debug|Any CPU.Build.0 = Debug|Any CPU
		{7E68B869-7B9B-45CE-A4E2-5DD3A51D8782}.Release|Any CPU.ActiveCfg = Release|Any CPU
		{7E68B869-7B9B-45CE-A4E2-5DD3A51D8782}.Release|Any CPU.Build.0 = Release|Any CPU
		{B9DCCC33-AE60-4303-8BB0-DCF2608DFBE0}.Debug|Any CPU.ActiveCfg = Debug|Any CPU
		{B9DCCC33-AE60-4303-8BB0-DCF2608DFBE0}.Debug|Any CPU.Build.0 = Debug|Any CPU
		{B9DCCC33-AE60-4303-8BB0-DCF2608DFBE0}.Debug|Any CPU.Deploy.0 = Debug|Any CPU
		{B9DCCC33-AE60-4303-8BB0-DCF2608DFBE0}.Release|Any CPU.ActiveCfg = Release|Any CPU
		{B9DCCC33-AE60-4303-8BB0-DCF2608DFBE0}.Release|Any CPU.Build.0 = Release|Any CPU
		{B9DCCC33-AE60-4303-8BB0-DCF2608DFBE0}.Release|Any CPU.Deploy.0 = Release|Any CPU
	EndGlobalSection
	GlobalSection(SolutionProperties) = preSolution
		HideSolutionNode = FALSE
	EndGlobalSection
	GlobalSection(ExtensibilityGlobals) = postSolution
		SolutionGuid = {938E8873-9895-4C47-9C97-1A2C24EABF4B}
	EndGlobalSection
EndGlobal
